
Microsoft Visual Studio Solution File, Format Version 12.00
# Visual Studio Version 16
VisualStudioVersion = 16.0.30011.22
MinimumVisualStudioVersion = 10.0.40219.1
Project("{FAE04EC0-301F-11D3-BF4B-00C04F79EFBC}") = "OneDayMessenger-csharp", "OneDayMessenger-csharp\OneDayMessenger-csharp.csproj", "{DF3C8E25-93D0-4D18-A503-F8AD310CDA30}"
EndProject
Global
	GlobalSection(SolutionConfigurationPlatforms) = preSolution
		Debug|Any CPU = Debug|Any CPU
		Release|Any CPU = Release|Any CPU
	EndGlobalSection
	GlobalSection(ProjectConfigurationPlatforms) = postSolution
		{DF3C8E25-93D0-4D18-A503-F8AD310CDA30}.Debug|Any CPU.ActiveCfg = Debug|Any CPU
		{DF3C8E25-93D0-4D18-A503-F8AD310CDA30}.Debug|Any CPU.Build.0 = Debug|Any CPU
		{DF3C8E25-93D0-4D18-A503-F8AD310CDA30}.Release|Any CPU.ActiveCfg = Release|Any CPU
		{DF3C8E25-93D0-4D18-A503-F8AD310CDA30}.Release|Any CPU.Build.0 = Release|Any CPU
	EndGlobalSection
	GlobalSection(SolutionProperties) = preSolution
		HideSolutionNode = FALSE
	EndGlobalSection
	GlobalSection(ExtensibilityGlobals) = postSolution
		SolutionGuid = {155572DF-B74C-426C-B01D-A82CC9F03801}
	EndGlobalSection
EndGlobal
